
Microsoft Visual Studio Solution File, Format Version 12.00
# Visual Studio Version 17
VisualStudioVersion = 17.5.33516.290
MinimumVisualStudioVersion = 10.0.40219.1
Project("{FAE04EC0-301F-11D3-BF4B-00C04F79EFBC}") = "WindowsFormsApp10", "WindowsFormsApp10\WindowsFormsApp10.csproj", "{939EB9DB-DB3D-47EB-826F-5364548EB80E}"
EndProject
Global
	GlobalSection(SolutionConfigurationPlatforms) = preSolution
		Debug|Any CPU = Debug|Any CPU
		Release|Any CPU = Release|Any CPU
	EndGlobalSection
	GlobalSection(ProjectConfigurationPlatforms) = postSolution
		{939EB9DB-DB3D-47EB-826F-5364548EB80E}.Debug|Any CPU.ActiveCfg = Debug|Any CPU
		{939EB9DB-DB3D-47EB-826F-5364548EB80E}.Debug|Any CPU.Build.0 = Debug|Any CPU
		{939EB9DB-DB3D-47EB-826F-5364548EB80E}.Release|Any CPU.ActiveCfg = Release|Any CPU
		{939EB9DB-DB3D-47EB-826F-5364548EB80E}.Release|Any CPU.Build.0 = Release|Any CPU
	EndGlobalSection
	GlobalSection(SolutionProperties) = preSolution
		HideSolutionNode = FALSE
	EndGlobalSection
	GlobalSection(ExtensibilityGlobals) = postSolution
		SolutionGuid = {3A2BFAFD-8EFF-48A6-B460-793CFCB92AF5}
	EndGlobalSection
EndGlobal
